
Microsoft Visual Studio Solution File, Format Version 12.00
# Visual Studio Version 17
VisualStudioVersion = 17.3.32901.215
MinimumVisualStudioVersion = 10.0.40219.1
Project("{8BC9CEB8-8B4A-11D0-8D11-00A0C91BC942}") = "wyszukiwanie binarne", "wyszukiwanie binarne\wyszukiwanie binarne.vcxproj", "{283CB690-E713-4BB7-BDDA-11DC73474A13}"
EndProject
Global
	GlobalSection(SolutionConfigurationPlatforms) = preSolution
		Debug|x64 = Debug|x64
		Debug|x86 = Debug|x86
		Release|x64 = Release|x64
		Release|x86 = Release|x86
	EndGlobalSection
	GlobalSection(ProjectConfigurationPlatforms) = postSolution
		{283CB690-E713-4BB7-BDDA-11DC73474A13}.Debug|x64.ActiveCfg = Debug|x64
		{283CB690-E713-4BB7-BDDA-11DC73474A13}.Debug|x64.Build.0 = Debug|x64
		{283CB690-E713-4BB7-BDDA-11DC73474A13}.Debug|x86.ActiveCfg = Debug|Win32
		{283CB690-E713-4BB7-BDDA-11DC73474A13}.Debug|x86.Build.0 = Debug|Win32
		{283CB690-E713-4BB7-BDDA-11DC73474A13}.Release|x64.ActiveCfg = Release|x64
		{283CB690-E713-4BB7-BDDA-11DC73474A13}.Release|x64.Build.0 = Release|x64
		{283CB690-E713-4BB7-BDDA-11DC73474A13}.Release|x86.ActiveCfg = Release|Win32
		{283CB690-E713-4BB7-BDDA-11DC73474A13}.Release|x86.Build.0 = Release|Win32
	EndGlobalSection
	GlobalSection(SolutionProperties) = preSolution
		HideSolutionNode = FALSE
	EndGlobalSection
	GlobalSection(ExtensibilityGlobals) = postSolution
		SolutionGuid = {BC121C98-5BDA-4A27-97EA-AB04C2861888}
	EndGlobalSection
EndGlobal
